// !$*UTF8*$!
{
	archiveVersion = 1;
	classes = {
	};
	objectVersion = 50;
	objects = {

/* Begin PBXBuildFile section */
		B9D5944724018BAA0046B231 /* AppDelegate.swift in Sources */ = {isa = PBXBuildFile; fileRef = B9D5944624018BAA0046B231 /* AppDelegate.swift */; };
		B9D5944924018BAA0046B231 /* SceneDelegate.swift in Sources */ = {isa = PBXBuildFile; fileRef = B9D5944824018BAA0046B231 /* SceneDelegate.swift */; };
		B9D5944B24018BAA0046B231 /* ViewController.swift in Sources */ = {isa = PBXBuildFile; fileRef = B9D5944A24018BAA0046B231 /* ViewController.swift */; };
		B9D5944E24018BAA0046B231 /* Main.storyboard in Resources */ = {isa = PBXBuildFile; fileRef = B9D5944C24018BAA0046B231 /* Main.storyboard */; };
		B9D5945024018BAB0046B231 /* Assets.xcassets in Resources */ = {isa = PBXBuildFile; fileRef = B9D5944F24018BAB0046B231 /* Assets.xcassets */; };
		B9D5945324018BAB0046B231 /* LaunchScreen.storyboard in Resources */ = {isa = PBXBuildFile; fileRef = B9D5945124018BAB0046B231 /* LaunchScreen.storyboard */; };
		B9D5945B2401A7250046B231 /* DetailViewController.swift in Sources */ = {isa = PBXBuildFile; fileRef = B9D5945A2401A7250046B231 /* DetailViewController.swift */; };
/* End PBXBuildFile section */

/* Begin PBXFileReference section */
		B9D5944324018BAA0046B231 /* sesion4-tablas.app */ = {isa = PBXFileReference; explicitFileType = wrapper.application; includeInIndex = 0; path = "sesion4-tablas.app"; sourceTree = BUILT_PRODUCTS_DIR; };
		B9D5944624018BAA0046B231 /* AppDelegate.swift */ = {isa = PBXFileReference; lastKnownFileType = sourcecode.swift; path = AppDelegate.swift; sourceTree = "<group>"; };
		B9D5944824018BAA0046B231 /* SceneDelegate.swift */ = {isa = PBXFileReference; lastKnownFileType = sourcecode.swift; path = SceneDelegate.swift; sourceTree = "<group>"; };
		B9D5944A24018BAA0046B231 /* ViewController.swift */ = {isa = PBXFileReference; lastKnownFileType = sourcecode.swift; path = ViewController.swift; sourceTree = "<group>"; };
		B9D5944D24018BAA0046B231 /* Base */ = {isa = PBXFileReference; lastKnownFileType = file.storyboard; name = Base; path = Base.lproj/Main.storyboard; sourceTree = "<group>"; };
		B9D5944F24018BAB0046B231 /* Assets.xcassets */ = {isa = PBXFileReference; lastKnownFileType = folder.assetcatalog; path = Assets.xcassets; sourceTree = "<group>"; };
		B9D5945224018BAB0046B231 /* Base */ = {isa = PBXFileReference; lastKnownFileType = file.storyboard; name = Base; path = Base.lproj/LaunchScreen.storyboard; sourceTree = "<group>"; };
		B9D5945424018BAB0046B231 /* Info.plist */ = {isa = PBXFileReference; lastKnownFileType = text.plist.xml; path = Info.plist; sourceTree = "<group>"; };
		B9D5945A2401A7250046B231 /* DetailViewController.swift */ = {isa = PBXFileReference; lastKnownFileType = sourcecode.swift; path = DetailViewController.swift; sourceTree = "<group>"; };
/* End PBXFileReference section */

/* Begin PBXFrameworksBuildPhase section */
		B9D5944024018BAA0046B231 /* Frameworks */ = {
			isa = PBXFrameworksBuildPhase;
			buildActionMask = 2147483647;
			files = (
			);
			runOnlyForDeploymentPostprocessing = 0;
		};
/* End PBXFrameworksBuildPhase section */

/* Begin PBXGroup section */
		B9D5943A24018BAA0046B231 = {
			isa = PBXGroup;
			children = (
				B9D5944524018BAA0046B231 /* sesion4-tablas */,
				B9D5944424018BAA0046B231 /* Products */,
			);
			sourceTree = "<group>";
		};
		B9D5944424018BAA0046B231 /* Products */ = {
			isa = PBXGroup;
			children = (
				B9D5944324018BAA0046B231 /* sesion4-tablas.app */,
			);
			name = Products;
			sourceTree = "<group>";
		};
		B9D5944524018BAA0046B231 /* sesion4-tablas */ = {
			isa = PBXGroup;
			children = (
				B9D5944624018BAA0046B231 /* AppDelegate.swift */,
				B9D5944824018BAA0046B231 /* SceneDelegate.swift */,
				B9D5944A24018BAA0046B231 /* ViewController.swift */,
				B9D5944C24018BAA0046B231 /* Main.storyboard */,
				B9D5944F24018BAB0046B231 /* Assets.xcassets */,
				B9D5945124018BAB0046B231 /* LaunchScreen.storyboard */,
				B9D5945424018BAB0046B231 /* Info.plist */,
				B9D5945A2401A7250046B231 /* DetailViewController.swift */,
			);
			path = "sesion4-tablas";
			sourceTree = "<group>";
		};
/* End PBXGroup section */

/* Begin PBXNativeTarget section */
		B9D5944224018BAA0046B231 /* sesion4-tablas */ = {
			isa = PBXNativeTarget;
			buildConfigurationList = B9D5945724018BAB0046B231 /* Build configuration list for PBXNativeTarget "sesion4-tablas" */;
			buildPhases = (
				B9D5943F24018BAA0046B231 /* Sources */,
				B9D5944024018BAA0046B231 /* Frameworks */,
				B9D5944124018BAA0046B231 /* Resources */,
			);
			buildRules = (
			);
			dependencies = (
			);
			name = "sesion4-tablas";
			productName = "sesion4-tablas";
			productReference = B9D5944324018BAA0046B231 /* sesion4-tablas.app */;
			productType = "com.apple.product-type.application";
		};
/* End PBXNativeTarget section */

/* Begin PBXProject section */
		B9D5943B24018BAA0046B231 /* Project object */ = {
			isa = PBXProject;
			attributes = {
				LastSwiftUpdateCheck = 1130;
				LastUpgradeCheck = 1130;
				ORGANIZATIONNAME = iosLab;
				TargetAttributes = {
					B9D5944224018BAA0046B231 = {
						CreatedOnToolsVersion = 11.3;
					};
				};
			};
			buildConfigurationList = B9D5943E24018BAA0046B231 /* Build configuration list for PBXProject "sesion4-tablas" */;
			compatibilityVersion = "Xcode 9.3";
			developmentRegion = en;
			hasScannedForEncodings = 0;
			knownRegions = (
				en,
				Base,
			);
			mainGroup = B9D5943A24018BAA0046B231;
			productRefGroup = B9D5944424018BAA0046B231 /* Products */;
			projectDirPath = "";
			projectRoot = "";
			targets = (
				B9D5944224018BAA0046B231 /* sesion4-tablas */,
			);
		};
/* End PBXProject section */

/* Begin PBXResourcesBuildPhase section */
		B9D5944124018BAA0046B231 /* Resources */ = {
			isa = PBXResourcesBuildPhase;
			buildActionMask = 2147483647;
			files = (
				B9D5945324018BAB0046B231 /* LaunchScreen.storyboard in Resources */,
				B9D5945024018BAB0046B231 /* Assets.xcassets in Resources */,
				B9D5944E24018BAA0046B231 /* Main.storyboard in Resources */,
			);
			runOnlyForDeploymentPostprocessing = 0;
		};
/* End PBXResourcesBuildPhase section */

/* Begin PBXSourcesBuildPhase section */
		B9D5943F24018BAA0046B231 /* Sources */ = {
			isa = PBXSourcesBuildPhase;
			buildActionMask = 2147483647;
			files = (
				B9D5944B24018BAA0046B231 /* ViewController.swift in Sources */,
				B9D5944724018BAA0046B231 /* AppDelegate.swift in Sources */,
				B9D5944924018BAA0046B231 /* SceneDelegate.swift in Sources */,
				B9D5945B2401A7250046B231 /* DetailViewController.swift in Sources */,
			);
			runOnlyForDeploymentPostprocessing = 0;
		};
/* End PBXSourcesBuildPhase section */

/* Begin PBXVariantGroup section */
		B9D5944C24018BAA0046B231 /* Main.storyboard */ = {
			isa = PBXVariantGroup;
			children = (
				B9D5944D24018BAA0046B231 /* Base */,
			);
			name = Main.storyboard;
			sourceTree = "<group>";
		};
		B9D5945124018BAB0046B231 /* LaunchScreen.storyboard */ = {
			isa = PBXVariantGroup;
			children = (
				B9D5945224018BAB0046B231 /* Base */,
			);
			name = LaunchScreen.storyboard;
			sourceTree = "<group>";
		};
/* End PBXVariantGroup section */

/* Begin XCBuildConfiguration section */
		B9D5945524018BAB0046B231 /* Debug */ = {
			isa = XCBuildConfiguration;
			buildSettings = {
				ALWAYS_SEARCH_USER_PATHS = NO;
				CLANG_ANALYZER_NONNULL = YES;
				CLANG_ANALYZER_NUMBER_OBJECT_CONVERSION = YES_AGGRESSIVE;
				CLANG_CXX_LANGUAGE_STANDARD = "gnu++14";
				CLANG_CXX_LIBRARY = "libc++";
				CLANG_ENABLE_MODULES = YES;
				CLANG_ENABLE_OBJC_ARC = YES;
				CLANG_ENABLE_OBJC_WEAK = YES;
				CLANG_WARN_BLOCK_CAPTURE_AUTORELEASING = YES;
				CLANG_WARN_BOOL_CONVERSION = YES;
				CLANG_WARN_COMMA = YES;
				CLANG_WARN_CONSTANT_CONVERSION = YES;
				CLANG_WARN_DEPRECATED_OBJC_IMPLEMENTATIONS = YES;
				CLANG_WARN_DIRECT_OBJC_ISA_USAGE = YES_ERROR;
				CLANG_WARN_DOCUMENTATION_COMMENTS = YES;
				CLANG_WARN_EMPTY_BODY = YES;
				CLANG_WARN_ENUM_CONVERSION = YES;
				CLANG_WARN_INFINITE_RECURSION = YES;
				CLANG_WARN_INT_CONVERSION = YES;
				CLANG_WARN_NON_LITERAL_NULL_CONVERSION = YES;
				CLANG_WARN_OBJC_IMPLICIT_RETAIN_SELF = YES;
				CLANG_WARN_OBJC_LITERAL_CONVERSION = YES;
				CLANG_WARN_OBJC_ROOT_CLASS = YES_ERROR;
				CLANG_WARN_RANGE_LOOP_ANALYSIS = YES;
				CLANG_WARN_STRICT_PROTOTYPES = YES;
				CLANG_WARN_SUSPICIOUS_MOVE = YES;
				CLANG_WARN_UNGUARDED_AVAILABILITY = YES_AGGRESSIVE;
				CLANG_WARN_UNREACHABLE_CODE = YES;
				CLANG_WARN__DUPLICATE_METHOD_MATCH = YES;
				COPY_PHASE_STRIP = NO;
				DEBUG_INFORMATION_FORMAT = dwarf;
				ENABLE_STRICT_OBJC_MSGSEND = YES;
				ENABLE_TESTABILITY = YES;
				GCC_C_LANGUAGE_STANDARD = gnu11;
				GCC_DYNAMIC_NO_PIC = NO;
				GCC_NO_COMMON_BLOCKS = YES;
				GCC_OPTIMIZATION_LEVEL = 0;
				GCC_PREPROCESSOR_DEFINITIONS = (
					"DEBUG=1",
					"$(inherited)",
				);
				GCC_WARN_64_TO_32_BIT_CONVERSION = YES;
				GCC_WARN_ABOUT_RETURN_TYPE = YES_ERROR;
				GCC_WARN_UNDECLARED_SELECTOR = YES;
				GCC_WARN_UNINITIALIZED_AUTOS = YES_AGGRESSIVE;
				GCC_WARN_UNUSED_FUNCTION = YES;
				GCC_WARN_UNUSED_VARIABLE = YES;
				IPHONEOS_DEPLOYMENT_TARGET = 13.2;
				MTL_ENABLE_DEBUG_INFO = INCLUDE_SOURCE;
				MTL_FAST_MATH = YES;
				ONLY_ACTIVE_ARCH = YES;
				SDKROOT = iphoneos;
				SWIFT_ACTIVE_COMPILATION_CONDITIONS = DEBUG;
				SWIFT_OPTIMIZATION_LEVEL = "-Onone";
			};
			name = Debug;
		};
		B9D5945624018BAB0046B231 /* Release */ = {
			isa = XCBuildConfiguration;
			buildSettings = {
				ALWAYS_SEARCH_USER_PATHS = NO;
				CLANG_ANALYZER_NONNULL = YES;
				CLANG_ANALYZER_NUMBER_OBJECT_CONVERSION = YES_AGGRESSIVE;
				CLANG_CXX_LANGUAGE_STANDARD = "gnu++14";
				CLANG_CXX_LIBRARY = "libc++";
				CLANG_ENABLE_MODULES = YES;
				CLANG_ENABLE_OBJC_ARC = YES;
				CLANG_ENABLE_OBJC_WEAK = YES;
				CLANG_WARN_BLOCK_CAPTURE_AUTORELEASING = YES;
				CLANG_WARN_BOOL_CONVERSION = YES;
				CLANG_WARN_COMMA = YES;
				CLANG_WARN_CONSTANT_CONVERSION = YES;
				CLANG_WARN_DEPRECATED_OBJC_IMPLEMENTATIONS = YES;
				CLANG_WARN_DIRECT_OBJC_ISA_USAGE = YES_ERROR;
				CLANG_WARN_DOCUMENTATION_COMMENTS = YES;
				CLANG_WARN_EMPTY_BODY = YES;
				CLANG_WARN_ENUM_CONVERSION = YES;
				CLANG_WARN_INFINITE_RECURSION = YES;
				CLANG_WARN_INT_CONVERSION = YES;
				CLANG_WARN_NON_LITERAL_NULL_CONVERSION = YES;
				CLANG_WARN_OBJC_IMPLICIT_RETAIN_SELF = YES;
				CLANG_WARN_OBJC_LITERAL_CONVERSION = YES;
				CLANG_WARN_OBJC_ROOT_CLASS = YES_ERROR;
				CLANG_WARN_RANGE_LOOP_ANALYSIS = YES;
				CLANG_WARN_STRICT_PROTOTYPES = YES;
				CLANG_WARN_SUSPICIOUS_MOVE = YES;
				CLANG_WARN_UNGUARDED_AVAILABILITY = YES_AGGRESSIVE;
				CLANG_WARN_UNREACHABLE_CODE = YES;
				CLANG_WARN__DUPLICATE_METHOD_MATCH = YES;
				COPY_PHASE_STRIP = NO;
				DEBUG_INFORMATION_FORMAT = "dwarf-with-dsym";
				ENABLE_NS_ASSERTIONS = NO;
				ENABLE_STRICT_OBJC_MSGSEND = YES;
				GCC_C_LANGUAGE_STANDARD = gnu11;
				GCC_NO_COMMON_BLOCKS = YES;
				GCC_WARN_64_TO_32_BIT_CONVERSION = YES;
				GCC_WARN_ABOUT_RETURN_TYPE = YES_ERROR;
				GCC_WARN_UNDECLARED_SELECTOR = YES;
				GCC_WARN_UNINITIALIZED_AUTOS = YES_AGGRESSIVE;
				GCC_WARN_UNUSED_FUNCTION = YES;
				GCC_WARN_UNUSED_VARIABLE = YES;
				IPHONEOS_DEPLOYMENT_TARGET = 13.2;
				MTL_ENABLE_DEBUG_INFO = NO;
				MTL_FAST_MATH = YES;
				SDKROOT = iphoneos;
				SWIFT_COMPILATION_MODE = wholemodule;
				SWIFT_OPTIMIZATION_LEVEL = "-O";
				VALIDATE_PRODUCT = YES;
			};
			name = Release;
		};
		B9D5945824018BAB0046B231 /* Debug */ = {
			isa = XCBuildConfiguration;
			buildSettings = {
				ASSETCATALOG_COMPILER_APPICON_NAME = AppIcon;
				CODE_SIGN_STYLE = Automatic;
				INFOPLIST_FILE = "sesion4-tablas/Info.plist";
				LD_RUNPATH_SEARCH_PATHS = (
					"$(inherited)",
					"@executable_path/Frameworks",
				);
				PRODUCT_BUNDLE_IDENTIFIER = "com.ioslab.sesion4-tablas";
				PRODUCT_NAME = "$(TARGET_NAME)";
				SWIFT_VERSION = 5.0;
				TARGETED_DEVICE_FAMILY = "1,2";
			};
			name = Debug;
		};
		B9D5945924018BAB0046B231 /* Release */ = {
			isa = XCBuildConfiguration;
			buildSettings = {
				ASSETCATALOG_COMPILER_APPICON_NAME = AppIcon;
				CODE_SIGN_STYLE = Automatic;
				INFOPLIST_FILE = "sesion4-tablas/Info.plist";
				LD_RUNPATH_SEARCH_PATHS = (
					"$(inherited)",
					"@executable_path/Frameworks",
				);
				PRODUCT_BUNDLE_IDENTIFIER = "com.ioslab.sesion4-tablas";
				PRODUCT_NAME = "$(TARGET_NAME)";
				SWIFT_VERSION = 5.0;
				TARGETED_DEVICE_FAMILY = "1,2";
			};
			name = Release;
		};
/* End XCBuildConfiguration section */

/* Begin XCConfigurationList section */
		B9D5943E24018BAA0046B231 /* Build configuration list for PBXProject "sesion4-tablas" */ = {
			isa = XCConfigurationList;
			buildConfigurations = (
				B9D5945524018BAB0046B231 /* Debug */,
				B9D5945624018BAB0046B231 /* Release */,
			);
			defaultConfigurationIsVisible = 0;
			defaultConfigurationName = Release;
		};
		B9D5945724018BAB0046B231 /* Build configuration list for PBXNativeTarget "sesion4-tablas" */ = {
			isa = XCConfigurationList;
			buildConfigurations = (
				B9D5945824018BAB0046B231 /* Debug */,
				B9D5945924018BAB0046B231 /* Release */,
			);
			defaultConfigurationIsVisible = 0;
			defaultConfigurationName = Release;
		};
/* End XCConfigurationList section */
	};
	rootObject = B9D5943B24018BAA0046B231 /* Project object */;
}
